
Microsoft Visual Studio Solution File, Format Version 12.00
# Visual Studio 15
VisualStudioVersion = 15.0.26730.12
MinimumVisualStudioVersion = 10.0.40219.1
Project("{2150E333-8FDC-42A3-9474-1A3956D46DE8}") = "1.SqlServerTest", "1.SqlServerTest", "{23324CFB-77EF-4437-9085-C028E63AE15A}"
EndProject
Project("{2150E333-8FDC-42A3-9474-1A3956D46DE8}") = "2.LinqTest", "2.LinqTest", "{00BA3532-0842-4570-ADCD-670C7168A23F}"
EndProject
Project("{2150E333-8FDC-42A3-9474-1A3956D46DE8}") = "3.SalesDbTest", "3.SalesDbTest", "{E039A26E-2CFA-45DA-BC61-E24838FE558C}"
EndProject
Project("{FAE04EC0-301F-11D3-BF4B-00C04F79EFBC}") = "ConsoleLinq", "ConsoleLinq\ConsoleLinq.csproj", "{A15B183E-EA84-4BBE-BF91-B3F9706A3297}"
EndProject
Project("{2150E333-8FDC-42A3-9474-1A3956D46DE8}") = "4.App", "4.App", "{5D45FC0C-05F1-48AE-85F0-9C87B5F5C8F0}"
EndProject
Project("{FAE04EC0-301F-11D3-BF4B-00C04F79EFBC}") = "ViamericasCareers", "ViamericasCareers\ViamericasCareers.csproj", "{1FA98D0C-AFAA-4F41-BAC5-480C0769F73D}"
EndProject
Project("{FAE04EC0-301F-11D3-BF4B-00C04F79EFBC}") = "ViamericasCareers.Data", "ViamericasCareers.Data\ViamericasCareers.Data.csproj", "{CA176D12-EEFD-4986-B46E-FC0A7F56B350}"
EndProject
Project("{FAE04EC0-301F-11D3-BF4B-00C04F79EFBC}") = "ViamericasCareers.Repository", "ViamericasCareers.Repository\ViamericasCareers.Repository.csproj", "{7F626DCB-90F7-4645-9681-EACEED1A0C49}"
EndProject
Project("{FAE04EC0-301F-11D3-BF4B-00C04F79EFBC}") = "ViamericasCareers.Application", "ViamericasCareers.Application\ViamericasCareers.Application.csproj", "{94582800-82A5-487D-A8DD-2B42076C83D2}"
EndProject
Project("{FAE04EC0-301F-11D3-BF4B-00C04F79EFBC}") = "ViamericasCareers.Core", "ViamericasCareers.Core\ViamericasCareers.Core.csproj", "{8FECCA9E-5BCC-46DD-A243-A6207C328C7A}"
EndProject
Project("{FAE04EC0-301F-11D3-BF4B-00C04F79EFBC}") = "DatabaseSales", "DatabaseSales\DatabaseSales.csproj", "{7E9EEEE8-8395-4F78-BF85-E4C66FC57038}"
EndProject
Global
	GlobalSection(SolutionConfigurationPlatforms) = preSolution
		Debug|Any CPU = Debug|Any CPU
		Release|Any CPU = Release|Any CPU
	EndGlobalSection
	GlobalSection(ProjectConfigurationPlatforms) = postSolution
		{A15B183E-EA84-4BBE-BF91-B3F9706A3297}.Debug|Any CPU.ActiveCfg = Debug|Any CPU
		{A15B183E-EA84-4BBE-BF91-B3F9706A3297}.Debug|Any CPU.Build.0 = Debug|Any CPU
		{A15B183E-EA84-4BBE-BF91-B3F9706A3297}.Release|Any CPU.ActiveCfg = Release|Any CPU
		{A15B183E-EA84-4BBE-BF91-B3F9706A3297}.Release|Any CPU.Build.0 = Release|Any CPU
		{1FA98D0C-AFAA-4F41-BAC5-480C0769F73D}.Debug|Any CPU.ActiveCfg = Debug|Any CPU
		{1FA98D0C-AFAA-4F41-BAC5-480C0769F73D}.Debug|Any CPU.Build.0 = Debug|Any CPU
		{1FA98D0C-AFAA-4F41-BAC5-480C0769F73D}.Release|Any CPU.ActiveCfg = Release|Any CPU
		{1FA98D0C-AFAA-4F41-BAC5-480C0769F73D}.Release|Any CPU.Build.0 = Release|Any CPU
		{CA176D12-EEFD-4986-B46E-FC0A7F56B350}.Debug|Any CPU.ActiveCfg = Debug|Any CPU
		{CA176D12-EEFD-4986-B46E-FC0A7F56B350}.Debug|Any CPU.Build.0 = Debug|Any CPU
		{CA176D12-EEFD-4986-B46E-FC0A7F56B350}.Release|Any CPU.ActiveCfg = Release|Any CPU
		{CA176D12-EEFD-4986-B46E-FC0A7F56B350}.Release|Any CPU.Build.0 = Release|Any CPU
		{7F626DCB-90F7-4645-9681-EACEED1A0C49}.Debug|Any CPU.ActiveCfg = Debug|Any CPU
		{7F626DCB-90F7-4645-9681-EACEED1A0C49}.Debug|Any CPU.Build.0 = Debug|Any CPU
		{7F626DCB-90F7-4645-9681-EACEED1A0C49}.Release|Any CPU.ActiveCfg = Release|Any CPU
		{7F626DCB-90F7-4645-9681-EACEED1A0C49}.Release|Any CPU.Build.0 = Release|Any CPU
		{94582800-82A5-487D-A8DD-2B42076C83D2}.Debug|Any CPU.ActiveCfg = Debug|Any CPU
		{94582800-82A5-487D-A8DD-2B42076C83D2}.Debug|Any CPU.Build.0 = Debug|Any CPU
		{94582800-82A5-487D-A8DD-2B42076C83D2}.Release|Any CPU.ActiveCfg = Release|Any CPU
		{94582800-82A5-487D-A8DD-2B42076C83D2}.Release|Any CPU.Build.0 = Release|Any CPU
		{8FECCA9E-5BCC-46DD-A243-A6207C328C7A}.Debug|Any CPU.ActiveCfg = Debug|Any CPU
		{8FECCA9E-5BCC-46DD-A243-A6207C328C7A}.Debug|Any CPU.Build.0 = Debug|Any CPU
		{8FECCA9E-5BCC-46DD-A243-A6207C328C7A}.Release|Any CPU.ActiveCfg = Release|Any CPU
		{8FECCA9E-5BCC-46DD-A243-A6207C328C7A}.Release|Any CPU.Build.0 = Release|Any CPU
		{7E9EEEE8-8395-4F78-BF85-E4C66FC57038}.Debug|Any CPU.ActiveCfg = Debug|Any CPU
		{7E9EEEE8-8395-4F78-BF85-E4C66FC57038}.Debug|Any CPU.Build.0 = Debug|Any CPU
		{7E9EEEE8-8395-4F78-BF85-E4C66FC57038}.Release|Any CPU.ActiveCfg = Release|Any CPU
		{7E9EEEE8-8395-4F78-BF85-E4C66FC57038}.Release|Any CPU.Build.0 = Release|Any CPU
	EndGlobalSection
	GlobalSection(SolutionProperties) = preSolution
		HideSolutionNode = FALSE
	EndGlobalSection
	GlobalSection(NestedProjects) = preSolution
		{A15B183E-EA84-4BBE-BF91-B3F9706A3297} = {00BA3532-0842-4570-ADCD-670C7168A23F}
		{1FA98D0C-AFAA-4F41-BAC5-480C0769F73D} = {5D45FC0C-05F1-48AE-85F0-9C87B5F5C8F0}
		{CA176D12-EEFD-4986-B46E-FC0A7F56B350} = {5D45FC0C-05F1-48AE-85F0-9C87B5F5C8F0}
		{7F626DCB-90F7-4645-9681-EACEED1A0C49} = {5D45FC0C-05F1-48AE-85F0-9C87B5F5C8F0}
		{94582800-82A5-487D-A8DD-2B42076C83D2} = {5D45FC0C-05F1-48AE-85F0-9C87B5F5C8F0}
		{8FECCA9E-5BCC-46DD-A243-A6207C328C7A} = {5D45FC0C-05F1-48AE-85F0-9C87B5F5C8F0}
		{7E9EEEE8-8395-4F78-BF85-E4C66FC57038} = {E039A26E-2CFA-45DA-BC61-E24838FE558C}
	EndGlobalSection
	GlobalSection(ExtensibilityGlobals) = postSolution
		SolutionGuid = {B7F4DE21-4D80-4C08-949D-ACA559204770}
	EndGlobalSection
EndGlobal
